
Microsoft Visual Studio Solution File, Format Version 12.00
# Visual Studio Version 17
VisualStudioVersion = 17.5.33530.505
MinimumVisualStudioVersion = 10.0.40219.1
Project("{FAE04EC0-301F-11D3-BF4B-00C04F79EFBC}") = "AlgoDextra", "AlgoDextra.csproj", "{4F2C9A66-68F3-497F-8CAC-C50EFDE5363A}"
EndProject
Global
	GlobalSection(SolutionConfigurationPlatforms) = preSolution
		Debug|Any CPU = Debug|Any CPU
		Release|Any CPU = Release|Any CPU
	EndGlobalSection
	GlobalSection(ProjectConfigurationPlatforms) = postSolution
		{4F2C9A66-68F3-497F-8CAC-C50EFDE5363A}.Debug|Any CPU.ActiveCfg = Debug|Any CPU
		{4F2C9A66-68F3-497F-8CAC-C50EFDE5363A}.Debug|Any CPU.Build.0 = Debug|Any CPU
		{4F2C9A66-68F3-497F-8CAC-C50EFDE5363A}.Release|Any CPU.ActiveCfg = Release|Any CPU
		{4F2C9A66-68F3-497F-8CAC-C50EFDE5363A}.Release|Any CPU.Build.0 = Release|Any CPU
	EndGlobalSection
	GlobalSection(SolutionProperties) = preSolution
		HideSolutionNode = FALSE
	EndGlobalSection
	GlobalSection(ExtensibilityGlobals) = postSolution
		SolutionGuid = {43723BC1-3CE4-4D98-A603-C21777C3074D}
	EndGlobalSection
EndGlobal
