
Microsoft Visual Studio Solution File, Format Version 12.00
# Visual Studio Version 17
VisualStudioVersion = 17.5.33516.290
MinimumVisualStudioVersion = 10.0.40219.1
Project("{FAE04EC0-301F-11D3-BF4B-00C04F79EFBC}") = "Kursach2Search", "Kursach2Search.csproj", "{B62C30D4-9F20-46DD-9D35-32088B7E8A98}"
EndProject
Global
	GlobalSection(SolutionConfigurationPlatforms) = preSolution
		Debug|Any CPU = Debug|Any CPU
		Release|Any CPU = Release|Any CPU
	EndGlobalSection
	GlobalSection(ProjectConfigurationPlatforms) = postSolution
		{B62C30D4-9F20-46DD-9D35-32088B7E8A98}.Debug|Any CPU.ActiveCfg = Debug|Any CPU
		{B62C30D4-9F20-46DD-9D35-32088B7E8A98}.Debug|Any CPU.Build.0 = Debug|Any CPU
		{B62C30D4-9F20-46DD-9D35-32088B7E8A98}.Release|Any CPU.ActiveCfg = Release|Any CPU
		{B62C30D4-9F20-46DD-9D35-32088B7E8A98}.Release|Any CPU.Build.0 = Release|Any CPU
	EndGlobalSection
	GlobalSection(SolutionProperties) = preSolution
		HideSolutionNode = FALSE
	EndGlobalSection
	GlobalSection(ExtensibilityGlobals) = postSolution
		SolutionGuid = {3A6B36B5-E932-4585-8468-0A49084FB94B}
	EndGlobalSection
EndGlobal
